
Microsoft Visual Studio Solution File, Format Version 12.00
# Visual Studio Version 17
VisualStudioVersion = 17.3.32811.315
MinimumVisualStudioVersion = 10.0.40219.1
Project("{9A19103F-16F7-4668-BE54-9A1E7A4F7556}") = "swas.UI", "swas.UI.csproj", "{F17EF108-CFBC-4B39-93D8-31BE9515EBD7}"
EndProject
Project("{9A19103F-16F7-4668-BE54-9A1E7A4F7556}") = "swas.Core", "..\swas.Core\swas.DAL.csproj", "{69FA8EA9-5E1D-4691-9599-9631042844AC}"
EndProject
Project("{9A19103F-16F7-4668-BE54-9A1E7A4F7556}") = "swas.Infrastructure", "..\swas.BAL\swas.Infrastructure.csproj", "{4FC54CC3-EBAD-4FA5-942F-86B4AD169131}"
EndProject
Project("{9A19103F-16F7-4668-BE54-9A1E7A4F7556}") = "swasUnitTest", "..\swasUnitTest\swasUnitTest.csproj", "{463DF96E-FA30-4774-9CD6-D4A0CF0C533D}"
EndProject
Global
	GlobalSection(SolutionConfigurationPlatforms) = preSolution
		Debug|Any CPU = Debug|Any CPU
		Release|Any CPU = Release|Any CPU
	EndGlobalSection
	GlobalSection(ProjectConfigurationPlatforms) = postSolution
		{F17EF108-CFBC-4B39-93D8-31BE9515EBD7}.Debug|Any CPU.ActiveCfg = Debug|Any CPU
		{F17EF108-CFBC-4B39-93D8-31BE9515EBD7}.Debug|Any CPU.Build.0 = Debug|Any CPU
		{F17EF108-CFBC-4B39-93D8-31BE9515EBD7}.Release|Any CPU.ActiveCfg = Release|Any CPU
		{F17EF108-CFBC-4B39-93D8-31BE9515EBD7}.Release|Any CPU.Build.0 = Release|Any CPU
		{69FA8EA9-5E1D-4691-9599-9631042844AC}.Debug|Any CPU.ActiveCfg = Debug|Any CPU
		{69FA8EA9-5E1D-4691-9599-9631042844AC}.Debug|Any CPU.Build.0 = Debug|Any CPU
		{69FA8EA9-5E1D-4691-9599-9631042844AC}.Release|Any CPU.ActiveCfg = Release|Any CPU
		{69FA8EA9-5E1D-4691-9599-9631042844AC}.Release|Any CPU.Build.0 = Release|Any CPU
		{4FC54CC3-EBAD-4FA5-942F-86B4AD169131}.Debug|Any CPU.ActiveCfg = Debug|Any CPU
		{4FC54CC3-EBAD-4FA5-942F-86B4AD169131}.Debug|Any CPU.Build.0 = Debug|Any CPU
		{4FC54CC3-EBAD-4FA5-942F-86B4AD169131}.Release|Any CPU.ActiveCfg = Release|Any CPU
		{4FC54CC3-EBAD-4FA5-942F-86B4AD169131}.Release|Any CPU.Build.0 = Release|Any CPU
		{463DF96E-FA30-4774-9CD6-D4A0CF0C533D}.Debug|Any CPU.ActiveCfg = Debug|Any CPU
		{463DF96E-FA30-4774-9CD6-D4A0CF0C533D}.Debug|Any CPU.Build.0 = Debug|Any CPU
		{463DF96E-FA30-4774-9CD6-D4A0CF0C533D}.Release|Any CPU.ActiveCfg = Release|Any CPU
		{463DF96E-FA30-4774-9CD6-D4A0CF0C533D}.Release|Any CPU.Build.0 = Release|Any CPU
	EndGlobalSection
	GlobalSection(SolutionProperties) = preSolution
		HideSolutionNode = FALSE
	EndGlobalSection
	GlobalSection(ExtensibilityGlobals) = postSolution
		SolutionGuid = {31E0141A-4FD8-4208-B638-539CEEAC3459}
	EndGlobalSection
EndGlobal
